
Microsoft Visual Studio Solution File, Format Version 12.00
# Visual Studio Version 17
VisualStudioVersion = 17.7.34018.315
MinimumVisualStudioVersion = 10.0.40219.1
Project("{FAE04EC0-301F-11D3-BF4B-00C04F79EFBC}") = "Practice06-11-23-2023", "Practice06-11-23-2023\Practice06-11-23-2023.csproj", "{B9B668B3-7CD3-46CB-9E12-C5E0B7D39888}"
EndProject
Global
	GlobalSection(SolutionConfigurationPlatforms) = preSolution
		Debug|Any CPU = Debug|Any CPU
		Release|Any CPU = Release|Any CPU
	EndGlobalSection
	GlobalSection(ProjectConfigurationPlatforms) = postSolution
		{B9B668B3-7CD3-46CB-9E12-C5E0B7D39888}.Debug|Any CPU.ActiveCfg = Debug|Any CPU
		{B9B668B3-7CD3-46CB-9E12-C5E0B7D39888}.Debug|Any CPU.Build.0 = Debug|Any CPU
		{B9B668B3-7CD3-46CB-9E12-C5E0B7D39888}.Release|Any CPU.ActiveCfg = Release|Any CPU
		{B9B668B3-7CD3-46CB-9E12-C5E0B7D39888}.Release|Any CPU.Build.0 = Release|Any CPU
	EndGlobalSection
	GlobalSection(SolutionProperties) = preSolution
		HideSolutionNode = FALSE
	EndGlobalSection
	GlobalSection(ExtensibilityGlobals) = postSolution
		SolutionGuid = {A19620F1-0408-43FB-8A6C-AE4566EDE52A}
	EndGlobalSection
EndGlobal
